
Microsoft Visual Studio Solution File, Format Version 12.00
# Visual Studio Version 17
VisualStudioVersion = 17.2.32526.322
MinimumVisualStudioVersion = 10.0.40219.1
Project("{8BC9CEB8-8B4A-11D0-8D11-00A0C91BC942}") = "merge-overlapping-intervals", "merge-overlapping-intervals\merge-overlapping-intervals.vcxproj", "{C83742F4-3BAB-443C-9CBE-8DA5EE88751A}"
EndProject
Global
	GlobalSection(SolutionConfigurationPlatforms) = preSolution
		Debug|x64 = Debug|x64
		Debug|x86 = Debug|x86
		Release|x64 = Release|x64
		Release|x86 = Release|x86
	EndGlobalSection
	GlobalSection(ProjectConfigurationPlatforms) = postSolution
		{C83742F4-3BAB-443C-9CBE-8DA5EE88751A}.Debug|x64.ActiveCfg = Debug|x64
		{C83742F4-3BAB-443C-9CBE-8DA5EE88751A}.Debug|x64.Build.0 = Debug|x64
		{C83742F4-3BAB-443C-9CBE-8DA5EE88751A}.Debug|x86.ActiveCfg = Debug|Win32
		{C83742F4-3BAB-443C-9CBE-8DA5EE88751A}.Debug|x86.Build.0 = Debug|Win32
		{C83742F4-3BAB-443C-9CBE-8DA5EE88751A}.Release|x64.ActiveCfg = Release|x64
		{C83742F4-3BAB-443C-9CBE-8DA5EE88751A}.Release|x64.Build.0 = Release|x64
		{C83742F4-3BAB-443C-9CBE-8DA5EE88751A}.Release|x86.ActiveCfg = Release|Win32
		{C83742F4-3BAB-443C-9CBE-8DA5EE88751A}.Release|x86.Build.0 = Release|Win32
	EndGlobalSection
	GlobalSection(SolutionProperties) = preSolution
		HideSolutionNode = FALSE
	EndGlobalSection
	GlobalSection(ExtensibilityGlobals) = postSolution
		SolutionGuid = {7DA0DA75-D65C-4B5A-BA25-5E302DDEA983}
	EndGlobalSection
EndGlobal
